// !$*UTF8*$!
{
	archiveVersion = 1;
	classes = {
	};
	objectVersion = 56;
	objects = {

/* Begin PBXBuildFile section */
		2C6457C9FE78A7D15B22C55B /* (null) in Frameworks */ = {isa = PBXBuildFile; };
		337F042D29C9569300F65DD8 /* EntryCategoryView.swift in Sources */ = {isa = PBXBuildFile; fileRef = 337F042C29C9569300F65DD8 /* EntryCategoryView.swift */; };
		337F042F29C95BF500F65DD8 /* Constants.swift in Sources */ = {isa = PBXBuildFile; fileRef = 337F042E29C95BF500F65DD8 /* Constants.swift */; };
		337F045B29C983AE00F65DD8 /* SCPListView.swift in Sources */ = {isa = PBXBuildFile; fileRef = 337F045A29C983AE00F65DD8 /* SCPListView.swift */; };
		337F045D29C98A7300F65DD8 /* scp_category_ios.db in Resources */ = {isa = PBXBuildFile; fileRef = 337F045C29C98A7300F65DD8 /* scp_category_ios.db */; };
		338A5DC029C8826A007775E0 /* DatabaseReader.swift in Sources */ = {isa = PBXBuildFile; fileRef = 338A5DBF29C8826A007775E0 /* DatabaseReader.swift */; };
		339D77AE29C81E4A0050D488 /* DocumentPicker.swift in Sources */ = {isa = PBXBuildFile; fileRef = 339D77AD29C81E4A0050D488 /* DocumentPicker.swift */; };
		33C42DF029C3FDDB001E73D3 /* SCPFondationApp.swift in Sources */ = {isa = PBXBuildFile; fileRef = 33C42DEF29C3FDDB001E73D3 /* SCPFondationApp.swift */; };
		33C42DF229C3FDDB001E73D3 /* ContentView.swift in Sources */ = {isa = PBXBuildFile; fileRef = 33C42DF129C3FDDB001E73D3 /* ContentView.swift */; };
		33C42DF429C3FDDC001E73D3 /* Assets.xcassets in Resources */ = {isa = PBXBuildFile; fileRef = 33C42DF329C3FDDC001E73D3 /* Assets.xcassets */; };
		33C42DF829C3FDDC001E73D3 /* Preview Assets.xcassets in Resources */ = {isa = PBXBuildFile; fileRef = 33C42DF729C3FDDC001E73D3 /* Preview Assets.xcassets */; };
		33C42E0229C3FDDC001E73D3 /* SCPFondationTests.swift in Sources */ = {isa = PBXBuildFile; fileRef = 33C42E0129C3FDDC001E73D3 /* SCPFondationTests.swift */; };
		33C42E0C29C3FDDC001E73D3 /* SCPFondationUITests.swift in Sources */ = {isa = PBXBuildFile; fileRef = 33C42E0B29C3FDDC001E73D3 /* SCPFondationUITests.swift */; };
		33C42E0E29C3FDDC001E73D3 /* SCPFondationUITestsLaunchTests.swift in Sources */ = {isa = PBXBuildFile; fileRef = 33C42E0D29C3FDDC001E73D3 /* SCPFondationUITestsLaunchTests.swift */; };
		33C42E1D29C441E5001E73D3 /* HomePageView.swift in Sources */ = {isa = PBXBuildFile; fileRef = 33C42E1C29C441E5001E73D3 /* HomePageView.swift */; };
		33C42E1F29C4421B001E73D3 /* DetailView.swift in Sources */ = {isa = PBXBuildFile; fileRef = 33C42E1E29C4421B001E73D3 /* DetailView.swift */; };
		33C42E2129C4422F001E73D3 /* SettingView.swift in Sources */ = {isa = PBXBuildFile; fileRef = 33C42E2029C4422F001E73D3 /* SettingView.swift */; };
		33C42E2329C447B2001E73D3 /* Localizable.strings in Resources */ = {isa = PBXBuildFile; fileRef = 33C42E2229C447B2001E73D3 /* Localizable.strings */; };
		33C42E2529C44E0F001E73D3 /* DatabaseView.swift in Sources */ = {isa = PBXBuildFile; fileRef = 33C42E2429C44E0F001E73D3 /* DatabaseView.swift */; };
		33DFA15D29CEB7C2001F5D99 /* SubCategoryView.swift in Sources */ = {isa = PBXBuildFile; fileRef = 33DFA15C29CEB7C2001F5D99 /* SubCategoryView.swift */; };
		33DFA16D29CEB7D4001F5D99 /* GroupListView.swift in Sources */ = {isa = PBXBuildFile; fileRef = 33DFA16C29CEB7D4001F5D99 /* GroupListView.swift */; };
		33F377EB29C8878D00295CFF /* SQLite.framework in Frameworks */ = {isa = PBXBuildFile; fileRef = 33F377DD29C8876700295CFF /* SQLite.framework */; platformFilter = ios; };
		33F377EC29C8878D00295CFF /* SQLite.framework in Embed Frameworks */ = {isa = PBXBuildFile; fileRef = 33F377DD29C8876700295CFF /* SQLite.framework */; settings = {ATTRIBUTES = (CodeSignOnCopy, RemoveHeadersOnCopy, ); }; };
		33F377ED29C8878D00295CFF /* SQLite.framework in Frameworks */ = {isa = PBXBuildFile; fileRef = 33F377E129C8876700295CFF /* SQLite.framework */; platformFilters = (macos, ); };
		33F377EE29C8878D00295CFF /* SQLite.framework in Embed Frameworks */ = {isa = PBXBuildFile; fileRef = 33F377E129C8876700295CFF /* SQLite.framework */; settings = {ATTRIBUTES = (CodeSignOnCopy, RemoveHeadersOnCopy, ); }; };
/* End PBXBuildFile section */

/* Begin PBXContainerItemProxy section */
		33C42DFE29C3FDDC001E73D3 /* PBXContainerItemProxy */ = {
			isa = PBXContainerItemProxy;
			containerPortal = 33C42DE429C3FDDB001E73D3 /* Project object */;
			proxyType = 1;
			remoteGlobalIDString = 33C42DEB29C3FDDB001E73D3;
			remoteInfo = SCPFondation;
		};
		33C42E0829C3FDDC001E73D3 /* PBXContainerItemProxy */ = {
			isa = PBXContainerItemProxy;
			containerPortal = 33C42DE429C3FDDB001E73D3 /* Project object */;
			proxyType = 1;
			remoteGlobalIDString = 33C42DEB29C3FDDB001E73D3;
			remoteInfo = SCPFondation;
		};
		33F377C429C8874E00295CFF /* PBXContainerItemProxy */ = {
			isa = PBXContainerItemProxy;
			containerPortal = 33F377BA29C8874E00295CFF /* SQLite.xcodeproj */;
			proxyType = 2;
			remoteGlobalIDString = EE247AD31C3F04ED00AE3E12;
			remoteInfo = "SQLite iOS";
		};
		33F377C629C8874E00295CFF /* PBXContainerItemProxy */ = {
			isa = PBXContainerItemProxy;
			containerPortal = 33F377BA29C8874E00295CFF /* SQLite.xcodeproj */;
			proxyType = 2;
			remoteGlobalIDString = EE247ADD1C3F04ED00AE3E12;
			remoteInfo = "SQLiteTests iOS";
		};
		33F377C829C8874E00295CFF /* PBXContainerItemProxy */ = {
			isa = PBXContainerItemProxy;
			containerPortal = 33F377BA29C8874E00295CFF /* SQLite.xcodeproj */;
			proxyType = 2;
			remoteGlobalIDString = EE247B3C1C3F3ED000AE3E12;
			remoteInfo = "SQLite Mac";
		};
		33F377CA29C8874E00295CFF /* PBXContainerItemProxy */ = {
			isa = PBXContainerItemProxy;
			containerPortal = 33F377BA29C8874E00295CFF /* SQLite.xcodeproj */;
			proxyType = 2;
			remoteGlobalIDString = EE247B451C3F3ED000AE3E12;
			remoteInfo = "SQLiteTests Mac";
		};
		33F377CC29C8874E00295CFF /* PBXContainerItemProxy */ = {
			isa = PBXContainerItemProxy;
			containerPortal = 33F377BA29C8874E00295CFF /* SQLite.xcodeproj */;
			proxyType = 2;
			remoteGlobalIDString = 03A65E5A1C6BB0F50062603F;
			remoteInfo = "SQLite tvOS";
		};
		33F377CE29C8874E00295CFF /* PBXContainerItemProxy */ = {
			isa = PBXContainerItemProxy;
			containerPortal = 33F377BA29C8874E00295CFF /* SQLite.xcodeproj */;
			proxyType = 2;
			remoteGlobalIDString = 03A65E631C6BB0F60062603F;
			remoteInfo = "SQLiteTests tvOS";
		};
		33F377D029C8874E00295CFF /* PBXContainerItemProxy */ = {
			isa = PBXContainerItemProxy;
			containerPortal = 33F377BA29C8874E00295CFF /* SQLite.xcodeproj */;
			proxyType = 2;
			remoteGlobalIDString = A121AC451CA35C79005A31D1;
			remoteInfo = "SQLite watchOS";
		};
		33F377DC29C8876700295CFF /* PBXContainerItemProxy */ = {
			isa = PBXContainerItemProxy;
			containerPortal = 33F377D229C8876700295CFF /* SQLite.xcodeproj */;
			proxyType = 2;
			remoteGlobalIDString = EE247AD31C3F04ED00AE3E12;
			remoteInfo = "SQLite iOS";
		};
		33F377DE29C8876700295CFF /* PBXContainerItemProxy */ = {
			isa = PBXContainerItemProxy;
			containerPortal = 33F377D229C8876700295CFF /* SQLite.xcodeproj */;
			proxyType = 2;
			remoteGlobalIDString = EE247ADD1C3F04ED00AE3E12;
			remoteInfo = "SQLiteTests iOS";
		};
		33F377E029C8876700295CFF /* PBXContainerItemProxy */ = {
			isa = PBXContainerItemProxy;
			containerPortal = 33F377D229C8876700295CFF /* SQLite.xcodeproj */;
			proxyType = 2;
			remoteGlobalIDString = EE247B3C1C3F3ED000AE3E12;
			remoteInfo = "SQLite Mac";
		};
		33F377E229C8876700295CFF /* PBXContainerItemProxy */ = {
			isa = PBXContainerItemProxy;
			containerPortal = 33F377D229C8876700295CFF /* SQLite.xcodeproj */;
			proxyType = 2;
			remoteGlobalIDString = EE247B451C3F3ED000AE3E12;
			remoteInfo = "SQLiteTests Mac";
		};
		33F377E429C8876700295CFF /* PBXContainerItemProxy */ = {
			isa = PBXContainerItemProxy;
			containerPortal = 33F377D229C8876700295CFF /* SQLite.xcodeproj */;
			proxyType = 2;
			remoteGlobalIDString = 03A65E5A1C6BB0F50062603F;
			remoteInfo = "SQLite tvOS";
		};
		33F377E629C8876700295CFF /* PBXContainerItemProxy */ = {
			isa = PBXContainerItemProxy;
			containerPortal = 33F377D229C8876700295CFF /* SQLite.xcodeproj */;
			proxyType = 2;
			remoteGlobalIDString = 03A65E631C6BB0F60062603F;
			remoteInfo = "SQLiteTests tvOS";
		};
		33F377E829C8876700295CFF /* PBXContainerItemProxy */ = {
			isa = PBXContainerItemProxy;
			containerPortal = 33F377D229C8876700295CFF /* SQLite.xcodeproj */;
			proxyType = 2;
			remoteGlobalIDString = A121AC451CA35C79005A31D1;
			remoteInfo = "SQLite watchOS";
		};
/* End PBXContainerItemProxy section */

/* Begin PBXCopyFilesBuildPhase section */
		338A5DCC29C884BE007775E0 /* Embed Frameworks */ = {
			isa = PBXCopyFilesBuildPhase;
			buildActionMask = 2147483647;
			dstPath = "";
			dstSubfolderSpec = 10;
			files = (
				33F377EE29C8878D00295CFF /* SQLite.framework in Embed Frameworks */,
				33F377EC29C8878D00295CFF /* SQLite.framework in Embed Frameworks */,
			);
			name = "Embed Frameworks";
			runOnlyForDeploymentPostprocessing = 0;
		};
/* End PBXCopyFilesBuildPhase section */

/* Begin PBXFileReference section */
		337F042C29C9569300F65DD8 /* EntryCategoryView.swift */ = {isa = PBXFileReference; lastKnownFileType = sourcecode.swift; path = EntryCategoryView.swift; sourceTree = "<group>"; };
		337F042E29C95BF500F65DD8 /* Constants.swift */ = {isa = PBXFileReference; lastKnownFileType = sourcecode.swift; path = Constants.swift; sourceTree = "<group>"; };
		337F045A29C983AE00F65DD8 /* SCPListView.swift */ = {isa = PBXFileReference; lastKnownFileType = sourcecode.swift; path = SCPListView.swift; sourceTree = "<group>"; };
		337F045C29C98A7300F65DD8 /* scp_category_ios.db */ = {isa = PBXFileReference; lastKnownFileType = file; name = scp_category_ios.db; path = SCPFondation/scp_category_ios.db; sourceTree = SOURCE_ROOT; };
		338A5DBF29C8826A007775E0 /* DatabaseReader.swift */ = {isa = PBXFileReference; lastKnownFileType = sourcecode.swift; path = DatabaseReader.swift; sourceTree = "<group>"; };
		339D77AD29C81E4A0050D488 /* DocumentPicker.swift */ = {isa = PBXFileReference; lastKnownFileType = sourcecode.swift; path = DocumentPicker.swift; sourceTree = "<group>"; };
		33C42DEC29C3FDDB001E73D3 /* SCPFondation.app */ = {isa = PBXFileReference; explicitFileType = wrapper.application; includeInIndex = 0; path = SCPFondation.app; sourceTree = BUILT_PRODUCTS_DIR; };
		33C42DEF29C3FDDB001E73D3 /* SCPFondationApp.swift */ = {isa = PBXFileReference; lastKnownFileType = sourcecode.swift; path = SCPFondationApp.swift; sourceTree = "<group>"; };
		33C42DF129C3FDDB001E73D3 /* ContentView.swift */ = {isa = PBXFileReference; lastKnownFileType = sourcecode.swift; path = ContentView.swift; sourceTree = "<group>"; };
		33C42DF329C3FDDC001E73D3 /* Assets.xcassets */ = {isa = PBXFileReference; lastKnownFileType = folder.assetcatalog; path = Assets.xcassets; sourceTree = "<group>"; };
		33C42DF529C3FDDC001E73D3 /* SCPFondation.entitlements */ = {isa = PBXFileReference; lastKnownFileType = text.plist.entitlements; path = SCPFondation.entitlements; sourceTree = "<group>"; };
		33C42DF729C3FDDC001E73D3 /* Preview Assets.xcassets */ = {isa = PBXFileReference; lastKnownFileType = folder.assetcatalog; path = "Preview Assets.xcassets"; sourceTree = "<group>"; };
		33C42DFD29C3FDDC001E73D3 /* SCPFondationTests.xctest */ = {isa = PBXFileReference; explicitFileType = wrapper.cfbundle; includeInIndex = 0; path = SCPFondationTests.xctest; sourceTree = BUILT_PRODUCTS_DIR; };
		33C42E0129C3FDDC001E73D3 /* SCPFondationTests.swift */ = {isa = PBXFileReference; lastKnownFileType = sourcecode.swift; path = SCPFondationTests.swift; sourceTree = "<group>"; };
		33C42E0729C3FDDC001E73D3 /* SCPFondationUITests.xctest */ = {isa = PBXFileReference; explicitFileType = wrapper.cfbundle; includeInIndex = 0; path = SCPFondationUITests.xctest; sourceTree = BUILT_PRODUCTS_DIR; };
		33C42E0B29C3FDDC001E73D3 /* SCPFondationUITests.swift */ = {isa = PBXFileReference; lastKnownFileType = sourcecode.swift; path = SCPFondationUITests.swift; sourceTree = "<group>"; };
		33C42E0D29C3FDDC001E73D3 /* SCPFondationUITestsLaunchTests.swift */ = {isa = PBXFileReference; lastKnownFileType = sourcecode.swift; path = SCPFondationUITestsLaunchTests.swift; sourceTree = "<group>"; };
		33C42E1C29C441E5001E73D3 /* HomePageView.swift */ = {isa = PBXFileReference; lastKnownFileType = sourcecode.swift; path = HomePageView.swift; sourceTree = "<group>"; };
		33C42E1E29C4421B001E73D3 /* DetailView.swift */ = {isa = PBXFileReference; lastKnownFileType = sourcecode.swift; path = DetailView.swift; sourceTree = "<group>"; };
		33C42E2029C4422F001E73D3 /* SettingView.swift */ = {isa = PBXFileReference; lastKnownFileType = sourcecode.swift; path = SettingView.swift; sourceTree = "<group>"; };
		33C42E2229C447B2001E73D3 /* Localizable.strings */ = {isa = PBXFileReference; lastKnownFileType = text.plist.strings; path = Localizable.strings; sourceTree = "<group>"; };
		33C42E2429C44E0F001E73D3 /* DatabaseView.swift */ = {isa = PBXFileReference; lastKnownFileType = sourcecode.swift; path = DatabaseView.swift; sourceTree = "<group>"; };
		33DFA15C29CEB7C2001F5D99 /* SubCategoryView.swift */ = {isa = PBXFileReference; lastKnownFileType = sourcecode.swift; path = SubCategoryView.swift; sourceTree = "<group>"; };
		33DFA16C29CEB7D4001F5D99 /* GroupListView.swift */ = {isa = PBXFileReference; lastKnownFileType = sourcecode.swift; path = GroupListView.swift; sourceTree = "<group>"; };
		33F377BA29C8874E00295CFF /* SQLite.xcodeproj */ = {isa = PBXFileReference; lastKnownFileType = "wrapper.pb-project"; name = SQLite.xcodeproj; path = "../../../Downloads/SQLite.swift-0.14.1/SQLite.xcodeproj"; sourceTree = "<group>"; };
		33F377D229C8876700295CFF /* SQLite.xcodeproj */ = {isa = PBXFileReference; lastKnownFileType = "wrapper.pb-project"; name = SQLite.xcodeproj; path = "../../Downloads/SQLite.swift-0.14.1/SQLite.xcodeproj"; sourceTree = "<group>"; };
/* End PBXFileReference section */

/* Begin PBXFrameworksBuildPhase section */
		33C42DE929C3FDDB001E73D3 /* Frameworks */ = {
			isa = PBXFrameworksBuildPhase;
			buildActionMask = 2147483647;
			files = (
				33F377EB29C8878D00295CFF /* SQLite.framework in Frameworks */,
				2C6457C9FE78A7D15B22C55B /* (null) in Frameworks */,
				33F377ED29C8878D00295CFF /* SQLite.framework in Frameworks */,
			);
			runOnlyForDeploymentPostprocessing = 0;
		};
		33C42DFA29C3FDDC001E73D3 /* Frameworks */ = {
			isa = PBXFrameworksBuildPhase;
			buildActionMask = 2147483647;
			files = (
			);
			runOnlyForDeploymentPostprocessing = 0;
		};
		33C42E0429C3FDDC001E73D3 /* Frameworks */ = {
			isa = PBXFrameworksBuildPhase;
			buildActionMask = 2147483647;
			files = (
			);
			runOnlyForDeploymentPostprocessing = 0;
		};
/* End PBXFrameworksBuildPhase section */

/* Begin PBXGroup section */
		33C42DE329C3FDDB001E73D3 = {
			isa = PBXGroup;
			children = (
				33F377D229C8876700295CFF /* SQLite.xcodeproj */,
				33C42E2229C447B2001E73D3 /* Localizable.strings */,
				33C42DEE29C3FDDB001E73D3 /* SCPFondation */,
				33C42E0029C3FDDC001E73D3 /* SCPFondationTests */,
				33C42E0A29C3FDDC001E73D3 /* SCPFondationUITests */,
				33C42DED29C3FDDB001E73D3 /* Products */,
			);
			sourceTree = "<group>";
		};
		33C42DED29C3FDDB001E73D3 /* Products */ = {
			isa = PBXGroup;
			children = (
				33C42DEC29C3FDDB001E73D3 /* SCPFondation.app */,
				33C42DFD29C3FDDC001E73D3 /* SCPFondationTests.xctest */,
				33C42E0729C3FDDC001E73D3 /* SCPFondationUITests.xctest */,
			);
			name = Products;
			sourceTree = "<group>";
		};
		33C42DEE29C3FDDB001E73D3 /* SCPFondation */ = {
			isa = PBXGroup;
			children = (
				33C42DEF29C3FDDB001E73D3 /* SCPFondationApp.swift */,
				33C42DF129C3FDDB001E73D3 /* ContentView.swift */,
				33C42DF329C3FDDC001E73D3 /* Assets.xcassets */,
				33C42DF529C3FDDC001E73D3 /* SCPFondation.entitlements */,
				33C42DF629C3FDDC001E73D3 /* Preview Content */,
				33C42E1C29C441E5001E73D3 /* HomePageView.swift */,
				33C42E1E29C4421B001E73D3 /* DetailView.swift */,
				33C42E2029C4422F001E73D3 /* SettingView.swift */,
				33C42E2429C44E0F001E73D3 /* DatabaseView.swift */,
				339D77AD29C81E4A0050D488 /* DocumentPicker.swift */,
				338A5DBF29C8826A007775E0 /* DatabaseReader.swift */,
				337F042C29C9569300F65DD8 /* EntryCategoryView.swift */,
				337F045C29C98A7300F65DD8 /* scp_category_ios.db */,
				337F042E29C95BF500F65DD8 /* Constants.swift */,
				337F045A29C983AE00F65DD8 /* SCPListView.swift */,
				33DFA15C29CEB7C2001F5D99 /* SubCategoryView.swift */,
				33DFA16C29CEB7D4001F5D99 /* GroupListView.swift */,
			);
			path = SCPFondation;
			sourceTree = "<group>";
		};
		33C42DF629C3FDDC001E73D3 /* Preview Content */ = {
			isa = PBXGroup;
			children = (
				33C42DF729C3FDDC001E73D3 /* Preview Assets.xcassets */,
			);
			path = "Preview Content";
			sourceTree = "<group>";
		};
		33C42E0029C3FDDC001E73D3 /* SCPFondationTests */ = {
			isa = PBXGroup;
			children = (
				33C42E0129C3FDDC001E73D3 /* SCPFondationTests.swift */,
			);
			path = SCPFondationTests;
			sourceTree = "<group>";
		};
		33C42E0A29C3FDDC001E73D3 /* SCPFondationUITests */ = {
			isa = PBXGroup;
			children = (
				33F377BA29C8874E00295CFF /* SQLite.xcodeproj */,
				33C42E0B29C3FDDC001E73D3 /* SCPFondationUITests.swift */,
				33C42E0D29C3FDDC001E73D3 /* SCPFondationUITestsLaunchTests.swift */,
			);
			path = SCPFondationUITests;
			sourceTree = "<group>";
		};
		33F377BB29C8874E00295CFF /* Products */ = {
			isa = PBXGroup;
			children = (
				33F377C529C8874E00295CFF /* SQLite.framework */,
				33F377C729C8874E00295CFF /* SQLiteTests iOS.xctest */,
				33F377C929C8874E00295CFF /* SQLite.framework */,
				33F377CB29C8874E00295CFF /* SQLiteTests Mac.xctest */,
				33F377CD29C8874E00295CFF /* SQLite.framework */,
				33F377CF29C8874E00295CFF /* SQLiteTests tvOS.xctest */,
				33F377D129C8874E00295CFF /* SQLite.framework */,
			);
			name = Products;
			sourceTree = "<group>";
		};
		33F377D329C8876700295CFF /* Products */ = {
			isa = PBXGroup;
			children = (
				33F377DD29C8876700295CFF /* SQLite.framework */,
				33F377DF29C8876700295CFF /* SQLiteTests iOS.xctest */,
				33F377E129C8876700295CFF /* SQLite.framework */,
				33F377E329C8876700295CFF /* SQLiteTests Mac.xctest */,
				33F377E529C8876700295CFF /* SQLite.framework */,
				33F377E729C8876700295CFF /* SQLiteTests tvOS.xctest */,
				33F377E929C8876700295CFF /* SQLite.framework */,
			);
			name = Products;
			sourceTree = "<group>";
		};
/* End PBXGroup section */

/* Begin PBXNativeTarget section */
		33C42DEB29C3FDDB001E73D3 /* SCPFondation */ = {
			isa = PBXNativeTarget;
			buildConfigurationList = 33C42E1129C3FDDC001E73D3 /* Build configuration list for PBXNativeTarget "SCPFondation" */;
			buildPhases = (
				33C42DE829C3FDDB001E73D3 /* Sources */,
				33C42DE929C3FDDB001E73D3 /* Frameworks */,
				33C42DEA29C3FDDB001E73D3 /* Resources */,
				338A5DCC29C884BE007775E0 /* Embed Frameworks */,
			);
			buildRules = (
			);
			dependencies = (
			);
			name = SCPFondation;
			productName = SCPFondation;
			productReference = 33C42DEC29C3FDDB001E73D3 /* SCPFondation.app */;
			productType = "com.apple.product-type.application";
		};
		33C42DFC29C3FDDC001E73D3 /* SCPFondationTests */ = {
			isa = PBXNativeTarget;
			buildConfigurationList = 33C42E1429C3FDDC001E73D3 /* Build configuration list for PBXNativeTarget "SCPFondationTests" */;
			buildPhases = (
				33C42DF929C3FDDC001E73D3 /* Sources */,
				33C42DFA29C3FDDC001E73D3 /* Frameworks */,
				33C42DFB29C3FDDC001E73D3 /* Resources */,
			);
			buildRules = (
			);
			dependencies = (
				33C42DFF29C3FDDC001E73D3 /* PBXTargetDependency */,
			);
			name = SCPFondationTests;
			productName = SCPFondationTests;
			productReference = 33C42DFD29C3FDDC001E73D3 /* SCPFondationTests.xctest */;
			productType = "com.apple.product-type.bundle.unit-test";
		};
		33C42E0629C3FDDC001E73D3 /* SCPFondationUITests */ = {
			isa = PBXNativeTarget;
			buildConfigurationList = 33C42E1729C3FDDC001E73D3 /* Build configuration list for PBXNativeTarget "SCPFondationUITests" */;
			buildPhases = (
				33C42E0329C3FDDC001E73D3 /* Sources */,
				33C42E0429C3FDDC001E73D3 /* Frameworks */,
				33C42E0529C3FDDC001E73D3 /* Resources */,
			);
			buildRules = (
			);
			dependencies = (
				33C42E0929C3FDDC001E73D3 /* PBXTargetDependency */,
			);
			name = SCPFondationUITests;
			productName = SCPFondationUITests;
			productReference = 33C42E0729C3FDDC001E73D3 /* SCPFondationUITests.xctest */;
			productType = "com.apple.product-type.bundle.ui-testing";
		};
/* End PBXNativeTarget section */

/* Begin PBXProject section */
		33C42DE429C3FDDB001E73D3 /* Project object */ = {
			isa = PBXProject;
			attributes = {
				BuildIndependentTargetsInParallel = 1;
				LastSwiftUpdateCheck = 1420;
				LastUpgradeCheck = 1420;
				TargetAttributes = {
					33C42DEB29C3FDDB001E73D3 = {
						CreatedOnToolsVersion = 14.2;
					};
					33C42DFC29C3FDDC001E73D3 = {
						CreatedOnToolsVersion = 14.2;
						TestTargetID = 33C42DEB29C3FDDB001E73D3;
					};
					33C42E0629C3FDDC001E73D3 = {
						CreatedOnToolsVersion = 14.2;
						TestTargetID = 33C42DEB29C3FDDB001E73D3;
					};
				};
			};
			buildConfigurationList = 33C42DE729C3FDDB001E73D3 /* Build configuration list for PBXProject "SCPFondation" */;
			compatibilityVersion = "Xcode 14.0";
			developmentRegion = en;
			hasScannedForEncodings = 0;
			knownRegions = (
				en,
				Base,
				"zh-Hans",
			);
			mainGroup = 33C42DE329C3FDDB001E73D3;
			productRefGroup = 33C42DED29C3FDDB001E73D3 /* Products */;
			projectDirPath = "";
			projectReferences = (
				{
					ProductGroup = 33F377D329C8876700295CFF /* Products */;
					ProjectRef = 33F377D229C8876700295CFF /* SQLite.xcodeproj */;
				},
				{
					ProductGroup = 33F377BB29C8874E00295CFF /* Products */;
					ProjectRef = 33F377BA29C8874E00295CFF /* SQLite.xcodeproj */;
				},
			);
			projectRoot = "";
			targets = (
				33C42DEB29C3FDDB001E73D3 /* SCPFondation */,
				33C42DFC29C3FDDC001E73D3 /* SCPFondationTests */,
				33C42E0629C3FDDC001E73D3 /* SCPFondationUITests */,
			);
		};
/* End PBXProject section */

/* Begin PBXReferenceProxy section */
		33F377C529C8874E00295CFF /* SQLite.framework */ = {
			isa = PBXReferenceProxy;
			fileType = wrapper.framework;
			path = SQLite.framework;
			remoteRef = 33F377C429C8874E00295CFF /* PBXContainerItemProxy */;
			sourceTree = BUILT_PRODUCTS_DIR;
		};
		33F377C729C8874E00295CFF /* SQLiteTests iOS.xctest */ = {
			isa = PBXReferenceProxy;
			fileType = wrapper.cfbundle;
			path = "SQLiteTests iOS.xctest";
			remoteRef = 33F377C629C8874E00295CFF /* PBXContainerItemProxy */;
			sourceTree = BUILT_PRODUCTS_DIR;
		};
		33F377C929C8874E00295CFF /* SQLite.framework */ = {
			isa = PBXReferenceProxy;
			fileType = wrapper.framework;
			path = SQLite.framework;
			remoteRef = 33F377C829C8874E00295CFF /* PBXContainerItemProxy */;
			sourceTree = BUILT_PRODUCTS_DIR;
		};
		33F377CB29C8874E00295CFF /* SQLiteTests Mac.xctest */ = {
			isa = PBXReferenceProxy;
			fileType = wrapper.cfbundle;
			path = "SQLiteTests Mac.xctest";
			remoteRef = 33F377CA29C8874E00295CFF /* PBXContainerItemProxy */;
			sourceTree = BUILT_PRODUCTS_DIR;
		};
		33F377CD29C8874E00295CFF /* SQLite.framework */ = {
			isa = PBXReferenceProxy;
			fileType = wrapper.framework;
			path = SQLite.framework;
			remoteRef = 33F377CC29C8874E00295CFF /* PBXContainerItemProxy */;
			sourceTree = BUILT_PRODUCTS_DIR;
		};
		33F377CF29C8874E00295CFF /* SQLiteTests tvOS.xctest */ = {
			isa = PBXReferenceProxy;
			fileType = wrapper.cfbundle;
			path = "SQLiteTests tvOS.xctest";
			remoteRef = 33F377CE29C8874E00295CFF /* PBXContainerItemProxy */;
			sourceTree = BUILT_PRODUCTS_DIR;
		};
		33F377D129C8874E00295CFF /* SQLite.framework */ = {
			isa = PBXReferenceProxy;
			fileType = wrapper.framework;
			path = SQLite.framework;
			remoteRef = 33F377D029C8874E00295CFF /* PBXContainerItemProxy */;
			sourceTree = BUILT_PRODUCTS_DIR;
		};
		33F377DD29C8876700295CFF /* SQLite.framework */ = {
			isa = PBXReferenceProxy;
			fileType = wrapper.framework;
			path = SQLite.framework;
			remoteRef = 33F377DC29C8876700295CFF /* PBXContainerItemProxy */;
			sourceTree = BUILT_PRODUCTS_DIR;
		};
		33F377DF29C8876700295CFF /* SQLiteTests iOS.xctest */ = {
			isa = PBXReferenceProxy;
			fileType = wrapper.cfbundle;
			path = "SQLiteTests iOS.xctest";
			remoteRef = 33F377DE29C8876700295CFF /* PBXContainerItemProxy */;
			sourceTree = BUILT_PRODUCTS_DIR;
		};
		33F377E129C8876700295CFF /* SQLite.framework */ = {
			isa = PBXReferenceProxy;
			fileType = wrapper.framework;
			path = SQLite.framework;
			remoteRef = 33F377E029C8876700295CFF /* PBXContainerItemProxy */;
			sourceTree = BUILT_PRODUCTS_DIR;
		};
		33F377E329C8876700295CFF /* SQLiteTests Mac.xctest */ = {
			isa = PBXReferenceProxy;
			fileType = wrapper.cfbundle;
			path = "SQLiteTests Mac.xctest";
			remoteRef = 33F377E229C8876700295CFF /* PBXContainerItemProxy */;
			sourceTree = BUILT_PRODUCTS_DIR;
		};
		33F377E529C8876700295CFF /* SQLite.framework */ = {
			isa = PBXReferenceProxy;
			fileType = wrapper.framework;
			path = SQLite.framework;
			remoteRef = 33F377E429C8876700295CFF /* PBXContainerItemProxy */;
			sourceTree = BUILT_PRODUCTS_DIR;
		};
		33F377E729C8876700295CFF /* SQLiteTests tvOS.xctest */ = {
			isa = PBXReferenceProxy;
			fileType = wrapper.cfbundle;
			path = "SQLiteTests tvOS.xctest";
			remoteRef = 33F377E629C8876700295CFF /* PBXContainerItemProxy */;
			sourceTree = BUILT_PRODUCTS_DIR;
		};
		33F377E929C8876700295CFF /* SQLite.framework */ = {
			isa = PBXReferenceProxy;
			fileType = wrapper.framework;
			path = SQLite.framework;
			remoteRef = 33F377E829C8876700295CFF /* PBXContainerItemProxy */;
			sourceTree = BUILT_PRODUCTS_DIR;
		};
/* End PBXReferenceProxy section */

/* Begin PBXResourcesBuildPhase section */
		33C42DEA29C3FDDB001E73D3 /* Resources */ = {
			isa = PBXResourcesBuildPhase;
			buildActionMask = 2147483647;
			files = (
				337F045D29C98A7300F65DD8 /* scp_category_ios.db in Resources */,
				33C42DF829C3FDDC001E73D3 /* Preview Assets.xcassets in Resources */,
				33C42E2329C447B2001E73D3 /* Localizable.strings in Resources */,
				33C42DF429C3FDDC001E73D3 /* Assets.xcassets in Resources */,
			);
			runOnlyForDeploymentPostprocessing = 0;
		};
		33C42DFB29C3FDDC001E73D3 /* Resources */ = {
			isa = PBXResourcesBuildPhase;
			buildActionMask = 2147483647;
			files = (
			);
			runOnlyForDeploymentPostprocessing = 0;
		};
		33C42E0529C3FDDC001E73D3 /* Resources */ = {
			isa = PBXResourcesBuildPhase;
			buildActionMask = 2147483647;
			files = (
			);
			runOnlyForDeploymentPostprocessing = 0;
		};
/* End PBXResourcesBuildPhase section */

/* Begin PBXSourcesBuildPhase section */
		33C42DE829C3FDDB001E73D3 /* Sources */ = {
			isa = PBXSourcesBuildPhase;
			buildActionMask = 2147483647;
			files = (
				33C42DF229C3FDDB001E73D3 /* ContentView.swift in Sources */,
				33C42E2529C44E0F001E73D3 /* DatabaseView.swift in Sources */,
				33C42E2129C4422F001E73D3 /* SettingView.swift in Sources */,
				33C42E1F29C4421B001E73D3 /* DetailView.swift in Sources */,
				33C42E1D29C441E5001E73D3 /* HomePageView.swift in Sources */,
				337F042F29C95BF500F65DD8 /* Constants.swift in Sources */,
				339D77AE29C81E4A0050D488 /* DocumentPicker.swift in Sources */,
				33C42DF029C3FDDB001E73D3 /* SCPFondationApp.swift in Sources */,
				338A5DC029C8826A007775E0 /* DatabaseReader.swift in Sources */,
				337F042D29C9569300F65DD8 /* EntryCategoryView.swift in Sources */,
				33DFA16D29CEB7D4001F5D99 /* GroupListView.swift in Sources */,
				337F045B29C983AE00F65DD8 /* SCPListView.swift in Sources */,
				33DFA15D29CEB7C2001F5D99 /* SubCategoryView.swift in Sources */,
			);
			runOnlyForDeploymentPostprocessing = 0;
		};
		33C42DF929C3FDDC001E73D3 /* Sources */ = {
			isa = PBXSourcesBuildPhase;
			buildActionMask = 2147483647;
			files = (
				33C42E0229C3FDDC001E73D3 /* SCPFondationTests.swift in Sources */,
			);
			runOnlyForDeploymentPostprocessing = 0;
		};
		33C42E0329C3FDDC001E73D3 /* Sources */ = {
			isa = PBXSourcesBuildPhase;
			buildActionMask = 2147483647;
			files = (
				33C42E0E29C3FDDC001E73D3 /* SCPFondationUITestsLaunchTests.swift in Sources */,
				33C42E0C29C3FDDC001E73D3 /* SCPFondationUITests.swift in Sources */,
			);
			runOnlyForDeploymentPostprocessing = 0;
		};
/* End PBXSourcesBuildPhase section */

/* Begin PBXTargetDependency section */
		33C42DFF29C3FDDC001E73D3 /* PBXTargetDependency */ = {
			isa = PBXTargetDependency;
			target = 33C42DEB29C3FDDB001E73D3 /* SCPFondation */;
			targetProxy = 33C42DFE29C3FDDC001E73D3 /* PBXContainerItemProxy */;
		};
		33C42E0929C3FDDC001E73D3 /* PBXTargetDependency */ = {
			isa = PBXTargetDependency;
			target = 33C42DEB29C3FDDB001E73D3 /* SCPFondation */;
			targetProxy = 33C42E0829C3FDDC001E73D3 /* PBXContainerItemProxy */;
		};
/* End PBXTargetDependency section */

/* Begin XCBuildConfiguration section */
		33C42E0F29C3FDDC001E73D3 /* Debug */ = {
			isa = XCBuildConfiguration;
			buildSettings = {
				ALWAYS_SEARCH_USER_PATHS = NO;
				CLANG_ANALYZER_NONNULL = YES;
				CLANG_ANALYZER_NUMBER_OBJECT_CONVERSION = YES_AGGRESSIVE;
				CLANG_CXX_LANGUAGE_STANDARD = "gnu++20";
				CLANG_ENABLE_MODULES = YES;
				CLANG_ENABLE_OBJC_ARC = YES;
				CLANG_ENABLE_OBJC_WEAK = YES;
				CLANG_WARN_BLOCK_CAPTURE_AUTORELEASING = YES;
				CLANG_WARN_BOOL_CONVERSION = YES;
				CLANG_WARN_COMMA = YES;
				CLANG_WARN_CONSTANT_CONVERSION = YES;
				CLANG_WARN_DEPRECATED_OBJC_IMPLEMENTATIONS = YES;
				CLANG_WARN_DIRECT_OBJC_ISA_USAGE = YES_ERROR;
				CLANG_WARN_DOCUMENTATION_COMMENTS = YES;
				CLANG_WARN_EMPTY_BODY = YES;
				CLANG_WARN_ENUM_CONVERSION = YES;
				CLANG_WARN_INFINITE_RECURSION = YES;
				CLANG_WARN_INT_CONVERSION = YES;
				CLANG_WARN_NON_LITERAL_NULL_CONVERSION = YES;
				CLANG_WARN_OBJC_IMPLICIT_RETAIN_SELF = YES;
				CLANG_WARN_OBJC_LITERAL_CONVERSION = YES;
				CLANG_WARN_OBJC_ROOT_CLASS = YES_ERROR;
				CLANG_WARN_QUOTED_INCLUDE_IN_FRAMEWORK_HEADER = YES;
				CLANG_WARN_RANGE_LOOP_ANALYSIS = YES;
				CLANG_WARN_STRICT_PROTOTYPES = YES;
				CLANG_WARN_SUSPICIOUS_MOVE = YES;
				CLANG_WARN_UNGUARDED_AVAILABILITY = YES_AGGRESSIVE;
				CLANG_WARN_UNREACHABLE_CODE = YES;
				CLANG_WARN__DUPLICATE_METHOD_MATCH = YES;
				COPY_PHASE_STRIP = NO;
				DEBUG_INFORMATION_FORMAT = dwarf;
				ENABLE_STRICT_OBJC_MSGSEND = YES;
				ENABLE_TESTABILITY = YES;
				GCC_C_LANGUAGE_STANDARD = gnu11;
				GCC_DYNAMIC_NO_PIC = NO;
				GCC_NO_COMMON_BLOCKS = YES;
				GCC_OPTIMIZATION_LEVEL = 0;
				GCC_PREPROCESSOR_DEFINITIONS = (
					"DEBUG=1",
					"$(inherited)",
				);
				GCC_WARN_64_TO_32_BIT_CONVERSION = YES;
				GCC_WARN_ABOUT_RETURN_TYPE = YES_ERROR;
				GCC_WARN_UNDECLARED_SELECTOR = YES;
				GCC_WARN_UNINITIALIZED_AUTOS = YES_AGGRESSIVE;
				GCC_WARN_UNUSED_FUNCTION = YES;
				GCC_WARN_UNUSED_VARIABLE = YES;
				MTL_ENABLE_DEBUG_INFO = INCLUDE_SOURCE;
				MTL_FAST_MATH = YES;
				ONLY_ACTIVE_ARCH = YES;
				SWIFT_ACTIVE_COMPILATION_CONDITIONS = DEBUG;
				SWIFT_OPTIMIZATION_LEVEL = "-Onone";
			};
			name = Debug;
		};
		33C42E1029C3FDDC001E73D3 /* Release */ = {
			isa = XCBuildConfiguration;
			buildSettings = {
				ALWAYS_SEARCH_USER_PATHS = NO;
				CLANG_ANALYZER_NONNULL = YES;
				CLANG_ANALYZER_NUMBER_OBJECT_CONVERSION = YES_AGGRESSIVE;
				CLANG_CXX_LANGUAGE_STANDARD = "gnu++20";
				CLANG_ENABLE_MODULES = YES;
				CLANG_ENABLE_OBJC_ARC = YES;
				CLANG_ENABLE_OBJC_WEAK = YES;
				CLANG_WARN_BLOCK_CAPTURE_AUTORELEASING = YES;
				CLANG_WARN_BOOL_CONVERSION = YES;
				CLANG_WARN_COMMA = YES;
				CLANG_WARN_CONSTANT_CONVERSION = YES;
				CLANG_WARN_DEPRECATED_OBJC_IMPLEMENTATIONS = YES;
				CLANG_WARN_DIRECT_OBJC_ISA_USAGE = YES_ERROR;
				CLANG_WARN_DOCUMENTATION_COMMENTS = YES;
				CLANG_WARN_EMPTY_BODY = YES;
				CLANG_WARN_ENUM_CONVERSION = YES;
				CLANG_WARN_INFINITE_RECURSION = YES;
				CLANG_WARN_INT_CONVERSION = YES;
				CLANG_WARN_NON_LITERAL_NULL_CONVERSION = YES;
				CLANG_WARN_OBJC_IMPLICIT_RETAIN_SELF = YES;
				CLANG_WARN_OBJC_LITERAL_CONVERSION = YES;
				CLANG_WARN_OBJC_ROOT_CLASS = YES_ERROR;
				CLANG_WARN_QUOTED_INCLUDE_IN_FRAMEWORK_HEADER = YES;
				CLANG_WARN_RANGE_LOOP_ANALYSIS = YES;
				CLANG_WARN_STRICT_PROTOTYPES = YES;
				CLANG_WARN_SUSPICIOUS_MOVE = YES;
				CLANG_WARN_UNGUARDED_AVAILABILITY = YES_AGGRESSIVE;
				CLANG_WARN_UNREACHABLE_CODE = YES;
				CLANG_WARN__DUPLICATE_METHOD_MATCH = YES;
				COPY_PHASE_STRIP = NO;
				DEBUG_INFORMATION_FORMAT = "dwarf-with-dsym";
				ENABLE_NS_ASSERTIONS = NO;
				ENABLE_STRICT_OBJC_MSGSEND = YES;
				GCC_C_LANGUAGE_STANDARD = gnu11;
				GCC_NO_COMMON_BLOCKS = YES;
				GCC_WARN_64_TO_32_BIT_CONVERSION = YES;
				GCC_WARN_ABOUT_RETURN_TYPE = YES_ERROR;
				GCC_WARN_UNDECLARED_SELECTOR = YES;
				GCC_WARN_UNINITIALIZED_AUTOS = YES_AGGRESSIVE;
				GCC_WARN_UNUSED_FUNCTION = YES;
				GCC_WARN_UNUSED_VARIABLE = YES;
				MTL_ENABLE_DEBUG_INFO = NO;
				MTL_FAST_MATH = YES;
				SWIFT_COMPILATION_MODE = wholemodule;
				SWIFT_OPTIMIZATION_LEVEL = "-O";
			};
			name = Release;
		};
		33C42E1229C3FDDC001E73D3 /* Debug */ = {
			isa = XCBuildConfiguration;
			buildSettings = {
				ASSETCATALOG_COMPILER_APPICON_NAME = AppIcon;
				ASSETCATALOG_COMPILER_GLOBAL_ACCENT_COLOR_NAME = AccentColor;
				CODE_SIGN_ENTITLEMENTS = SCPFondation/SCPFondation.entitlements;
				CODE_SIGN_STYLE = Automatic;
				CURRENT_PROJECT_VERSION = 1;
				DEVELOPMENT_ASSET_PATHS = "\"SCPFondation/Preview Content\"";
				DEVELOPMENT_TEAM = 328Z65B2JD;
				ENABLE_HARDENED_RUNTIME = YES;
				ENABLE_PREVIEWS = YES;
				GENERATE_INFOPLIST_FILE = YES;
				INFOPLIST_KEY_CFBundleDisplayName = "SCP基金会";
				INFOPLIST_KEY_LSApplicationCategoryType = "public.app-category.entertainment";
				"INFOPLIST_KEY_UIApplicationSceneManifest_Generation[sdk=iphoneos*]" = YES;
				"INFOPLIST_KEY_UIApplicationSceneManifest_Generation[sdk=iphonesimulator*]" = YES;
				"INFOPLIST_KEY_UIApplicationSupportsIndirectInputEvents[sdk=iphoneos*]" = YES;
				"INFOPLIST_KEY_UIApplicationSupportsIndirectInputEvents[sdk=iphonesimulator*]" = YES;
				"INFOPLIST_KEY_UILaunchScreen_Generation[sdk=iphoneos*]" = YES;
				"INFOPLIST_KEY_UILaunchScreen_Generation[sdk=iphonesimulator*]" = YES;
				"INFOPLIST_KEY_UIStatusBarStyle[sdk=iphoneos*]" = UIStatusBarStyleDefault;
				"INFOPLIST_KEY_UIStatusBarStyle[sdk=iphonesimulator*]" = UIStatusBarStyleDefault;
				INFOPLIST_KEY_UISupportedInterfaceOrientations_iPad = "UIInterfaceOrientationPortrait UIInterfaceOrientationPortraitUpsideDown UIInterfaceOrientationLandscapeLeft UIInterfaceOrientationLandscapeRight";
				INFOPLIST_KEY_UISupportedInterfaceOrientations_iPhone = "UIInterfaceOrientationPortrait UIInterfaceOrientationLandscapeLeft UIInterfaceOrientationLandscapeRight";
				IPHONEOS_DEPLOYMENT_TARGET = 16.2;
				LD_RUNPATH_SEARCH_PATHS = "@executable_path/Frameworks";
				"LD_RUNPATH_SEARCH_PATHS[sdk=macosx*]" = "@executable_path/../Frameworks";
				MACOSX_DEPLOYMENT_TARGET = 13.1;
				MARKETING_VERSION = 1.0;
				PRODUCT_BUNDLE_IDENTIFIER = eth.zhufree.SCPFondation;
				PRODUCT_NAME = "$(TARGET_NAME)";
				SDKROOT = auto;
				SUPPORTED_PLATFORMS = "iphoneos iphonesimulator macosx";
				SWIFT_EMIT_LOC_STRINGS = YES;
				SWIFT_VERSION = 5.0;
				TARGETED_DEVICE_FAMILY = "1,2";
			};
			name = Debug;
		};
		33C42E1329C3FDDC001E73D3 /* Release */ = {
			isa = XCBuildConfiguration;
			buildSettings = {
				ASSETCATALOG_COMPILER_APPICON_NAME = AppIcon;
				ASSETCATALOG_COMPILER_GLOBAL_ACCENT_COLOR_NAME = AccentColor;
				CODE_SIGN_ENTITLEMENTS = SCPFondation/SCPFondation.entitlements;
				CODE_SIGN_STYLE = Automatic;
				CURRENT_PROJECT_VERSION = 1;
				DEVELOPMENT_ASSET_PATHS = "\"SCPFondation/Preview Content\"";
				DEVELOPMENT_TEAM = 328Z65B2JD;
				ENABLE_HARDENED_RUNTIME = YES;
				ENABLE_PREVIEWS = YES;
				GENERATE_INFOPLIST_FILE = YES;
				INFOPLIST_KEY_CFBundleDisplayName = "SCP基金会";
				INFOPLIST_KEY_LSApplicationCategoryType = "public.app-category.entertainment";
				"INFOPLIST_KEY_UIApplicationSceneManifest_Generation[sdk=iphoneos*]" = YES;
				"INFOPLIST_KEY_UIApplicationSceneManifest_Generation[sdk=iphonesimulator*]" = YES;
				"INFOPLIST_KEY_UIApplicationSupportsIndirectInputEvents[sdk=iphoneos*]" = YES;
				"INFOPLIST_KEY_UIApplicationSupportsIndirectInputEvents[sdk=iphonesimulator*]" = YES;
				"INFOPLIST_KEY_UILaunchScreen_Generation[sdk=iphoneos*]" = YES;
				"INFOPLIST_KEY_UILaunchScreen_Generation[sdk=iphonesimulator*]" = YES;
				"INFOPLIST_KEY_UIStatusBarStyle[sdk=iphoneos*]" = UIStatusBarStyleDefault;
				"INFOPLIST_KEY_UIStatusBarStyle[sdk=iphonesimulator*]" = UIStatusBarStyleDefault;
				INFOPLIST_KEY_UISupportedInterfaceOrientations_iPad = "UIInterfaceOrientationPortrait UIInterfaceOrientationPortraitUpsideDown UIInterfaceOrientationLandscapeLeft UIInterfaceOrientationLandscapeRight";
				INFOPLIST_KEY_UISupportedInterfaceOrientations_iPhone = "UIInterfaceOrientationPortrait UIInterfaceOrientationLandscapeLeft UIInterfaceOrientationLandscapeRight";
				IPHONEOS_DEPLOYMENT_TARGET = 16.2;
				LD_RUNPATH_SEARCH_PATHS = "@executable_path/Frameworks";
				"LD_RUNPATH_SEARCH_PATHS[sdk=macosx*]" = "@executable_path/../Frameworks";
				MACOSX_DEPLOYMENT_TARGET = 13.1;
				MARKETING_VERSION = 1.0;
				PRODUCT_BUNDLE_IDENTIFIER = eth.zhufree.SCPFondation;
				PRODUCT_NAME = "$(TARGET_NAME)";
				SDKROOT = auto;
				SUPPORTED_PLATFORMS = "iphoneos iphonesimulator macosx";
				SWIFT_EMIT_LOC_STRINGS = YES;
				SWIFT_VERSION = 5.0;
				TARGETED_DEVICE_FAMILY = "1,2";
			};
			name = Release;
		};
		33C42E1529C3FDDC001E73D3 /* Debug */ = {
			isa = XCBuildConfiguration;
			buildSettings = {
				ALWAYS_EMBED_SWIFT_STANDARD_LIBRARIES = YES;
				BUNDLE_LOADER = "$(TEST_HOST)";
				CODE_SIGN_STYLE = Automatic;
				CURRENT_PROJECT_VERSION = 1;
				DEVELOPMENT_TEAM = 328Z65B2JD;
				GENERATE_INFOPLIST_FILE = YES;
				IPHONEOS_DEPLOYMENT_TARGET = 16.2;
				MACOSX_DEPLOYMENT_TARGET = 13.1;
				MARKETING_VERSION = 1.0;
				PRODUCT_BUNDLE_IDENTIFIER = eth.zhufree.SCPFondationTests;
				PRODUCT_NAME = "$(TARGET_NAME)";
				SDKROOT = auto;
				SUPPORTED_PLATFORMS = "iphoneos iphonesimulator macosx";
				SWIFT_EMIT_LOC_STRINGS = NO;
				SWIFT_VERSION = 5.0;
				TARGETED_DEVICE_FAMILY = "1,2";
				TEST_HOST = "$(BUILT_PRODUCTS_DIR)/SCPFondation.app/$(BUNDLE_EXECUTABLE_FOLDER_PATH)/SCPFondation";
			};
			name = Debug;
		};
		33C42E1629C3FDDC001E73D3 /* Release */ = {
			isa = XCBuildConfiguration;
			buildSettings = {
				ALWAYS_EMBED_SWIFT_STANDARD_LIBRARIES = YES;
				BUNDLE_LOADER = "$(TEST_HOST)";
				CODE_SIGN_STYLE = Automatic;
				CURRENT_PROJECT_VERSION = 1;
				DEVELOPMENT_TEAM = 328Z65B2JD;
				GENERATE_INFOPLIST_FILE = YES;
				IPHONEOS_DEPLOYMENT_TARGET = 16.2;
				MACOSX_DEPLOYMENT_TARGET = 13.1;
				MARKETING_VERSION = 1.0;
				PRODUCT_BUNDLE_IDENTIFIER = eth.zhufree.SCPFondationTests;
				PRODUCT_NAME = "$(TARGET_NAME)";
				SDKROOT = auto;
				SUPPORTED_PLATFORMS = "iphoneos iphonesimulator macosx";
				SWIFT_EMIT_LOC_STRINGS = NO;
				SWIFT_VERSION = 5.0;
				TARGETED_DEVICE_FAMILY = "1,2";
				TEST_HOST = "$(BUILT_PRODUCTS_DIR)/SCPFondation.app/$(BUNDLE_EXECUTABLE_FOLDER_PATH)/SCPFondation";
			};
			name = Release;
		};
		33C42E1829C3FDDC001E73D3 /* Debug */ = {
			isa = XCBuildConfiguration;
			buildSettings = {
				ALWAYS_EMBED_SWIFT_STANDARD_LIBRARIES = YES;
				CODE_SIGN_STYLE = Automatic;
				CURRENT_PROJECT_VERSION = 1;
				DEVELOPMENT_TEAM = 328Z65B2JD;
				GENERATE_INFOPLIST_FILE = YES;
				IPHONEOS_DEPLOYMENT_TARGET = 16.2;
				MACOSX_DEPLOYMENT_TARGET = 13.1;
				MARKETING_VERSION = 1.0;
				PRODUCT_BUNDLE_IDENTIFIER = eth.zhufree.SCPFondationUITests;
				PRODUCT_NAME = "$(TARGET_NAME)";
				SDKROOT = auto;
				SUPPORTED_PLATFORMS = "iphoneos iphonesimulator macosx";
				SWIFT_EMIT_LOC_STRINGS = NO;
				SWIFT_VERSION = 5.0;
				TARGETED_DEVICE_FAMILY = "1,2";
				TEST_TARGET_NAME = SCPFondation;
			};
			name = Debug;
		};
		33C42E1929C3FDDC001E73D3 /* Release */ = {
			isa = XCBuildConfiguration;
			buildSettings = {
				ALWAYS_EMBED_SWIFT_STANDARD_LIBRARIES = YES;
				CODE_SIGN_STYLE = Automatic;
				CURRENT_PROJECT_VERSION = 1;
				DEVELOPMENT_TEAM = 328Z65B2JD;
				GENERATE_INFOPLIST_FILE = YES;
				IPHONEOS_DEPLOYMENT_TARGET = 16.2;
				MACOSX_DEPLOYMENT_TARGET = 13.1;
				MARKETING_VERSION = 1.0;
				PRODUCT_BUNDLE_IDENTIFIER = eth.zhufree.SCPFondationUITests;
				PRODUCT_NAME = "$(TARGET_NAME)";
				SDKROOT = auto;
				SUPPORTED_PLATFORMS = "iphoneos iphonesimulator macosx";
				SWIFT_EMIT_LOC_STRINGS = NO;
				SWIFT_VERSION = 5.0;
				TARGETED_DEVICE_FAMILY = "1,2";
				TEST_TARGET_NAME = SCPFondation;
			};
			name = Release;
		};
/* End XCBuildConfiguration section */

/* Begin XCConfigurationList section */
		33C42DE729C3FDDB001E73D3 /* Build configuration list for PBXProject "SCPFondation" */ = {
			isa = XCConfigurationList;
			buildConfigurations = (
				33C42E0F29C3FDDC001E73D3 /* Debug */,
				33C42E1029C3FDDC001E73D3 /* Release */,
			);
			defaultConfigurationIsVisible = 0;
			defaultConfigurationName = Release;
		};
		33C42E1129C3FDDC001E73D3 /* Build configuration list for PBXNativeTarget "SCPFondation" */ = {
			isa = XCConfigurationList;
			buildConfigurations = (
				33C42E1229C3FDDC001E73D3 /* Debug */,
				33C42E1329C3FDDC001E73D3 /* Release */,
			);
			defaultConfigurationIsVisible = 0;
			defaultConfigurationName = Release;
		};
		33C42E1429C3FDDC001E73D3 /* Build configuration list for PBXNativeTarget "SCPFondationTests" */ = {
			isa = XCConfigurationList;
			buildConfigurations = (
				33C42E1529C3FDDC001E73D3 /* Debug */,
				33C42E1629C3FDDC001E73D3 /* Release */,
			);
			defaultConfigurationIsVisible = 0;
			defaultConfigurationName = Release;
		};
		33C42E1729C3FDDC001E73D3 /* Build configuration list for PBXNativeTarget "SCPFondationUITests" */ = {
			isa = XCConfigurationList;
			buildConfigurations = (
				33C42E1829C3FDDC001E73D3 /* Debug */,
				33C42E1929C3FDDC001E73D3 /* Release */,
			);
			defaultConfigurationIsVisible = 0;
			defaultConfigurationName = Release;
		};
/* End XCConfigurationList section */
	};
	rootObject = 33C42DE429C3FDDB001E73D3 /* Project object */;
}
